PODS:
  - GoogleAnalytics (3.17.0)
  - GVUserDefaults (1.0.2)
  - iOS-Slide-Menu (1.5)
  - MBProgressHUD (1.0.0)
  - PureLayout (3.0.2)

DEPENDENCIES:
  - GoogleAnalytics
  - GVUserDefaults
  - iOS-Slide-Menu
  - MBProgressHUD
  - PureLayout

SPEC REPOS:
  https://github.com/CocoaPods/Specs.git:
    - GoogleAnalytics
    - GVUserDefaults
    - iOS-Slide-Menu
    - MBProgressHUD
    - PureLayout

SPEC CHECKSUMS:
  GoogleAnalytics: f42cc53a87a51fe94334821868d9c8481ff47a7b
  GVUserDefaults: 52d48cf8ba578b40a1a76312b196dfc9134ba36a
  iOS-Slide-Menu: 40b0cbd8916c42afc755f0869793cd09e7a32102
  MBProgressHUD: 4890f671c94e8a0f3cf959aa731e9de2f036d71a
  PureLayout: 4d550abe49a94f24c2808b9b95db9131685fe4cd

PODFILE CHECKSUM: 5bafd727c9a2123cbaae9b7c1be390214d1640c2

COCOAPODS: 1.8.4
